
Microsoft Visual Studio Solution File, Format Version 12.00
# Visual Studio Version 16
VisualStudioVersion = 16.0.32510.428
MinimumVisualStudioVersion = 10.0.40219.1
Project("{FAE04EC0-301F-11D3-BF4B-00C04F79EFBC}") = "APIReservasNetCore", "APIReservasNetCore\APIReservasNetCore.csproj", "{D165377A-3A12-421C-B4C6-A94C91BE3664}"
EndProject
Global
	GlobalSection(SolutionConfigurationPlatforms) = preSolution
		Debug|Any CPU = Debug|Any CPU
		Release|Any CPU = Release|Any CPU
	EndGlobalSection
	GlobalSection(ProjectConfigurationPlatforms) = postSolution
		{D165377A-3A12-421C-B4C6-A94C91BE3664}.Debug|Any CPU.ActiveCfg = Debug|Any CPU
		{D165377A-3A12-421C-B4C6-A94C91BE3664}.Debug|Any CPU.Build.0 = Debug|Any CPU
		{D165377A-3A12-421C-B4C6-A94C91BE3664}.Release|Any CPU.ActiveCfg = Release|Any CPU
		{D165377A-3A12-421C-B4C6-A94C91BE3664}.Release|Any CPU.Build.0 = Release|Any CPU
	EndGlobalSection
	GlobalSection(SolutionProperties) = preSolution
		HideSolutionNode = FALSE
	EndGlobalSection
	GlobalSection(ExtensibilityGlobals) = postSolution
		SolutionGuid = {9AD3A19A-E1C4-4A3F-A039-B0F4AF3B055E}
	EndGlobalSection
EndGlobal
